# THIS IS AN AUTOGENERATED FILE. DO NOT EDIT THIS FILE DIRECTLY.
# yarn lockfile v1


"@vant/area-data@^1.3.1":
  version "1.3.1"
  resolved "https://registry.npmmirror.com/@vant/area-data/-/area-data-1.3.1.tgz#07f4947aaa16d2c63e1447dc937d7567883f24aa"
  integrity sha512-xji2kfVBXzFYmHAJNbhYjiRJ4GnN+enbTmtx6FnpTyxs9sUcFtS11BZ23hYCGuj4s02gXyrzUBTXGqhX5IKHIw==

"@vant/weapp@^1.10.3":
  version "1.10.3"
  resolved "https://registry.npmmirror.com/@vant/weapp/-/weapp-1.10.3.tgz#c2df7437cf5784530835cf764cb7f4923f981e25"
  integrity sha512-CcG5umI+zlJRN6hQXPeknOenPkVm6WBEgBaB6Y94kOmKLx9NHtHBdURwxuJEA4q4mxhUdOuf6sV7I8tZBnCVxw==
